<?xml version="1.0" encoding="utf-8"?>
<Project ToolsVersion="4.0" xmlns="http://schemas.microsoft.com/developer/msbuild/2003">
  <ItemGroup>
    <Filter Include="源文件">
      <UniqueIdentifier>{4FC737F1-C7A5-4376-A066-2A32D752A2FF}</UniqueIdentifier>
      <Extensions>cpp;c;cc;cxx;def;odl;idl;hpj;bat;asm;asmx</Extensions>
    </Filter>
    <Filter Include="头文件">
      <UniqueIdentifier>{93995380-89BD-4b04-88EB-625FBE52EBFB}</UniqueIdentifier>
      <Extensions>h;hpp;hxx;hm;inl;inc;xsd</Extensions>
    </Filter>
    <Filter Include="资源文件">
      <UniqueIdentifier>{67DA6AB6-F800-4c08-8B7A-83BB121AAD01}</UniqueIdentifier>
      <Extensions>rc;ico;cur;bmp;dlg;rc2;rct;bin;rgs;gif;jpg;jpeg;jpe;resx;tiff;tif;png;wav</Extensions>
    </Filter>
    <Filter Include="Common">
      <UniqueIdentifier>{27b745df-b478-4874-9b9a-c9f63230fd88}</UniqueIdentifier>
    </Filter>
  </ItemGroup>
  <ItemGroup>
    <ClCompile Include="acrxEntryPoint.cpp">
      <Filter>源文件</Filter>
    </ClCompile>
    <ClCompile Include="DocData.cpp">
      <Filter>源文件</Filter>
    </ClCompile>
    <ClCompile Include="DwgDesign.cpp">
      <Filter>源文件</Filter>
    </ClCompile>
    <ClCompile Include="StdAfx.cpp">
      <Filter>源文件</Filter>
    </ClCompile>
    <ClCompile Include="Common\AppDirectoryUtil.cpp">
      <Filter>Common</Filter>
    </ClCompile>
    <ClCompile Include="Common\BlockUtil.cpp">
      <Filter>Common</Filter>
    </ClCompile>
    <ClCompile Include="Common\ConvertUtil.cpp">
      <Filter>Common</Filter>
    </ClCompile>
    <ClCompile Include="Common\DwgDatabaseUtil.cpp">
      <Filter>Common</Filter>
    </ClCompile>
    <ClCompile Include="Common\GeRectangleUtil.cpp">
      <Filter>Common</Filter>
    </ClCompile>
    <ClCompile Include="Common\GetInputUtil.cpp">
      <Filter>Common</Filter>
    </ClCompile>
    <ClCompile Include="Common\IniFile.cpp">
      <Filter>Common</Filter>
    </ClCompile>
    <ClCompile Include="Common\LayerUtil.cpp">
      <Filter>Common</Filter>
    </ClCompile>
    <ClCompile Include="Common\MathUtil.cpp">
      <Filter>Common</Filter>
    </ClCompile>
    <ClCompile Include="Common\SelectUtil.cpp">
      <Filter>Common</Filter>
    </ClCompile>
    <ClCompile Include="Common\StringUtil.cpp">
      <Filter>Common</Filter>
    </ClCompile>
    <ClCompile Include="Common\TextStyleUtil.cpp">
      <Filter>Common</Filter>
    </ClCompile>
    <ClCompile Include="Common\TextUtil.cpp">
      <Filter>Common</Filter>
    </ClCompile>
    <ClCompile Include="Common\Tools.cpp">
      <Filter>Common</Filter>
    </ClCompile>
    <ClCompile Include="excel9.cpp">
      <Filter>源文件</Filter>
    </ClCompile>
    <ClCompile Include="rwExcel.cpp">
      <Filter>源文件</Filter>
    </ClCompile>
    <ClCompile Include="DlgMain.cpp">
      <Filter>源文件</Filter>
    </ClCompile>
    <ClCompile Include="DlgDiscern.cpp">
      <Filter>源文件</Filter>
    </ClCompile>
    <ClCompile Include="DlDwg.cpp">
      <Filter>源文件</Filter>
    </ClCompile>
    <ClCompile Include="DoubleClick.cpp">
      <Filter>源文件</Filter>
    </ClCompile>
    <ClCompile Include="EditBlockDlg.cpp">
      <Filter>源文件</Filter>
    </ClCompile>
    <ClCompile Include="EditDlDlg.cpp">
      <Filter>源文件</Filter>
    </ClCompile>
    <ClCompile Include="fcGsPreviewCtrl.cpp">
      <Filter>源文件</Filter>
    </ClCompile>
    <ClCompile Include="DlgAutoCreat.cpp">
      <Filter>源文件</Filter>
    </ClCompile>
    <ClCompile Include="DlgWeihao.cpp">
      <Filter>源文件</Filter>
    </ClCompile>
    <ClCompile Include="DlgPpsj.cpp">
      <Filter>源文件</Filter>
    </ClCompile>
    <ClCompile Include="DlgLjq.cpp">
      <Filter>源文件</Filter>
    </ClCompile>
    <ClCompile Include="DlgDlgg.cpp">
      <Filter>源文件</Filter>
    </ClCompile>
    <ClCompile Include="DlgDlfj.cpp">
      <Filter>源文件</Filter>
    </ClCompile>
    <ClCompile Include="DlgAccessory.cpp">
      <Filter>源文件</Filter>
    </ClCompile>
    <ClCompile Include="DlgFrame.cpp">
      <Filter>源文件</Filter>
    </ClCompile>
    <ClCompile Include="BlockJig.cpp">
      <Filter>源文件</Filter>
    </ClCompile>
    <ClCompile Include="DirTreeCtrl.cpp">
      <Filter>源文件</Filter>
    </ClCompile>
    <ClCompile Include="DlgJswz.cpp">
      <Filter>源文件</Filter>
    </ClCompile>
    <ClCompile Include="SortStringArray.cpp">
      <Filter>源文件</Filter>
    </ClCompile>
    <ClCompile Include="DlgPrompt.cpp">
      <Filter>源文件</Filter>
    </ClCompile>
    <ClCompile Include="DlgHbTab.cpp">
      <Filter>源文件</Filter>
    </ClCompile>
    <ClCompile Include="DlgLhxx.cpp">
      <Filter>源文件</Filter>
    </ClCompile>
    <ClCompile Include="WordEdit.cpp">
      <Filter>源文件</Filter>
    </ClCompile>
    <ClCompile Include="DlgViewSet.cpp">
      <Filter>源文件</Filter>
    </ClCompile>
    <ClCompile Include="Common\LineUtil.cpp">
      <Filter>Common</Filter>
    </ClCompile>
    <ClCompile Include="DlgSelectItem.cpp">
      <Filter>源文件</Filter>
    </ClCompile>
    <ClCompile Include="DlgProresstest.cpp">
      <Filter>源文件</Filter>
    </ClCompile>
  </ItemGroup>
  <ItemGroup>
    <ClInclude Include="DocData.h">
      <Filter>头文件</Filter>
    </ClInclude>
    <ClInclude Include="Resource.h">
      <Filter>头文件</Filter>
    </ClInclude>
    <ClInclude Include="StdAfx.h">
      <Filter>头文件</Filter>
    </ClInclude>
    <ClInclude Include="Common\AllHead.h">
      <Filter>Common</Filter>
    </ClInclude>
    <ClInclude Include="Common\AppDirectoryUtil.h">
      <Filter>Common</Filter>
    </ClInclude>
    <ClInclude Include="Common\BlockUtil.h">
      <Filter>Common</Filter>
    </ClInclude>
    <ClInclude Include="Common\ConvertUtil.h">
      <Filter>Common</Filter>
    </ClInclude>
    <ClInclude Include="Common\DwgDatabaseUtil.h">
      <Filter>Common</Filter>
    </ClInclude>
    <ClInclude Include="Common\GeRectangleUtil.h">
      <Filter>Common</Filter>
    </ClInclude>
    <ClInclude Include="Common\GetInputUtil.h">
      <Filter>Common</Filter>
    </ClInclude>
    <ClInclude Include="Common\IniFile.h">
      <Filter>Common</Filter>
    </ClInclude>
    <ClInclude Include="Common\LayerUtil.h">
      <Filter>Common</Filter>
    </ClInclude>
    <ClInclude Include="Common\MathUtil.h">
      <Filter>Common</Filter>
    </ClInclude>
    <ClInclude Include="Common\SelectUtil.h">
      <Filter>Common</Filter>
    </ClInclude>
    <ClInclude Include="Common\StringUtil.h">
      <Filter>Common</Filter>
    </ClInclude>
    <ClInclude Include="Common\TextStyleUtil.h">
      <Filter>Common</Filter>
    </ClInclude>
    <ClInclude Include="Common\TextUtil.h">
      <Filter>Common</Filter>
    </ClInclude>
    <ClInclude Include="Common\Tools.h">
      <Filter>Common</Filter>
    </ClInclude>
    <ClInclude Include="excel9.h">
      <Filter>头文件</Filter>
    </ClInclude>
    <ClInclude Include="rwExcel.h">
      <Filter>头文件</Filter>
    </ClInclude>
    <ClInclude Include="DlgMain.h">
      <Filter>头文件</Filter>
    </ClInclude>
    <ClInclude Include="DlgDiscern.h">
      <Filter>头文件</Filter>
    </ClInclude>
    <ClInclude Include="DlDwg.h">
      <Filter>头文件</Filter>
    </ClInclude>
    <ClInclude Include="DoubleClick.h">
      <Filter>头文件</Filter>
    </ClInclude>
    <ClInclude Include="EditBlockDlg.h">
      <Filter>头文件</Filter>
    </ClInclude>
    <ClInclude Include="fcGsPreviewCtrl.h">
      <Filter>头文件</Filter>
    </ClInclude>
    <ClInclude Include="EditDlDlg.h">
      <Filter>头文件</Filter>
    </ClInclude>
    <ClInclude Include="DlgAutoCreat.h">
      <Filter>头文件</Filter>
    </ClInclude>
    <ClInclude Include="DlgWeihao.h">
      <Filter>头文件</Filter>
    </ClInclude>
    <ClInclude Include="DlgPpsj.h">
      <Filter>头文件</Filter>
    </ClInclude>
    <ClInclude Include="DlgLjq.h">
      <Filter>头文件</Filter>
    </ClInclude>
    <ClInclude Include="DlgDlgg.h">
      <Filter>头文件</Filter>
    </ClInclude>
    <ClInclude Include="DlgDlfj.h">
      <Filter>头文件</Filter>
    </ClInclude>
    <ClInclude Include="DlgAccessory.h">
      <Filter>头文件</Filter>
    </ClInclude>
    <ClInclude Include="DlgFrame.h">
      <Filter>头文件</Filter>
    </ClInclude>
    <ClInclude Include="BlockJig.h">
      <Filter>头文件</Filter>
    </ClInclude>
    <ClInclude Include="DirTreeCtrl.h">
      <Filter>头文件</Filter>
    </ClInclude>
    <ClInclude Include="DlgJswz.h">
      <Filter>头文件</Filter>
    </ClInclude>
    <ClInclude Include="SortStringArray.h">
      <Filter>头文件</Filter>
    </ClInclude>
    <ClInclude Include="DlgPrompt.h">
      <Filter>头文件</Filter>
    </ClInclude>
    <ClInclude Include="DlgHbTab.h">
      <Filter>头文件</Filter>
    </ClInclude>
    <ClInclude Include="DlgLhxx.h">
      <Filter>头文件</Filter>
    </ClInclude>
    <ClInclude Include="WordEdit.h">
      <Filter>头文件</Filter>
    </ClInclude>
    <ClInclude Include="DlgViewSet.h">
      <Filter>头文件</Filter>
    </ClInclude>
    <ClInclude Include="Common\LineUtil.h">
      <Filter>Common</Filter>
    </ClInclude>
    <ClInclude Include="DlgSelectItem.h">
      <Filter>头文件</Filter>
    </ClInclude>
    <ClInclude Include="DlgProresstest.h">
      <Filter>头文件</Filter>
    </ClInclude>
  </ItemGroup>
  <ItemGroup>
    <ResourceCompile Include="DwgDesign.rc">
      <Filter>资源文件</Filter>
    </ResourceCompile>
  </ItemGroup>
  <ItemGroup>
    <None Include="bitmap1.bmp">
      <Filter>资源文件</Filter>
    </None>
    <None Include="..\Support\LD.png">
      <Filter>资源文件</Filter>
    </None>
    <None Include="..\Support\LU.png">
      <Filter>资源文件</Filter>
    </None>
    <None Include="..\Support\RD.png">
      <Filter>资源文件</Filter>
    </None>
    <None Include="..\Support\RU.png">
      <Filter>资源文件</Filter>
    </None>
    <None Include="..\Support\LD.bmp">
      <Filter>资源文件</Filter>
    </None>
    <None Include="..\Support\LU.bmp">
      <Filter>资源文件</Filter>
    </None>
    <None Include="..\Support\RD.bmp">
      <Filter>资源文件</Filter>
    </None>
    <None Include="..\Support\RU.bmp">
      <Filter>资源文件</Filter>
    </None>
    <None Include="..\..\..\DwgDesign\Support\LU.bmp">
      <Filter>资源文件</Filter>
    </None>
    <None Include="..\..\..\DwgDesign\Support\RD.bmp">
      <Filter>资源文件</Filter>
    </None>
    <None Include="..\..\..\DwgDesign\Support\RU.bmp">
      <Filter>资源文件</Filter>
    </None>
    <None Include="..\..\..\DwgDesign\Support\LD.bmp">
      <Filter>资源文件</Filter>
    </None>
  </ItemGroup>
</Project>